
Microsoft Visual Studio Solution File, Format Version 12.00
# Visual Studio Version 17
VisualStudioVersion = 17.4.33205.214
MinimumVisualStudioVersion = 10.0.40219.1
Project("{FAE04EC0-301F-11D3-BF4B-00C04F79EFBC}") = "openBootcamp", "openBootcamp.csproj", "{854FD28D-FC56-4C01-A4CB-E83800070AE3}"
EndProject
Global
	GlobalSection(SolutionConfigurationPlatforms) = preSolution
		Debug|Any CPU = Debug|Any CPU
		Release|Any CPU = Release|Any CPU
	EndGlobalSection
	GlobalSection(ProjectConfigurationPlatforms) = postSolution
		{854FD28D-FC56-4C01-A4CB-E83800070AE3}.Debug|Any CPU.ActiveCfg = Debug|Any CPU
		{854FD28D-FC56-4C01-A4CB-E83800070AE3}.Debug|Any CPU.Build.0 = Debug|Any CPU
		{854FD28D-FC56-4C01-A4CB-E83800070AE3}.Release|Any CPU.ActiveCfg = Release|Any CPU
		{854FD28D-FC56-4C01-A4CB-E83800070AE3}.Release|Any CPU.Build.0 = Release|Any CPU
	EndGlobalSection
	GlobalSection(SolutionProperties) = preSolution
		HideSolutionNode = FALSE
	EndGlobalSection
	GlobalSection(ExtensibilityGlobals) = postSolution
		SolutionGuid = {3D2FBCDC-7CA8-41DA-8929-F1CE0BD38345}
	EndGlobalSection
EndGlobal
